{
    "php": {
        "version": "7.3"
    },
    "symfony/error-handler": {
        "version": "v4.4.10"
    },
    "symfony/mime": {
        "version": "v4.4.10"
    },
    "symfony/polyfill-intl-idn": {
        "version": "v1.17.1"
    },
    "symfony/polyfill-php73": {
        "version": "v1.17.1"
    },
    "symfony/polyfill-php80": {
        "version": "v1.17.1"
    }
}
